// !$*UTF8*$!
{
	archiveVersion = 1;
	classes = {
	};
	objectVersion = 50;
	objects = {

/* Begin PBXBuildFile section */
		9FCFDD5B243DF88D00BAF126 /* AppDelegate.swift in Sources */ = {isa = PBXBuildFile; fileRef = 9FCFDD5A243DF88D00BAF126 /* AppDelegate.swift */; };
		9FCFDD5D243DF88D00BAF126 /* SceneDelegate.swift in Sources */ = {isa = PBXBuildFile; fileRef = 9FCFDD5C243DF88D00BAF126 /* SceneDelegate.swift */; };
		9FCFDD5F243DF88D00BAF126 /* ContentView.swift in Sources */ = {isa = PBXBuildFile; fileRef = 9FCFDD5E243DF88D00BAF126 /* ContentView.swift */; };
		9FCFDD61243DF8A000BAF126 /* Assets.xcassets in Resources */ = {isa = PBXBuildFile; fileRef = 9FCFDD60243DF8A000BAF126 /* Assets.xcassets */; };
		9FCFDD64243DF8A000BAF126 /* Preview Assets.xcassets in Resources */ = {isa = PBXBuildFile; fileRef = 9FCFDD63243DF8A000BAF126 /* Preview Assets.xcassets */; };
		9FCFDD67243DF8A000BAF126 /* LaunchScreen.storyboard in Resources */ = {isa = PBXBuildFile; fileRef = 9FCFDD65243DF8A000BAF126 /* LaunchScreen.storyboard */; };
		9FCFDD73243E3F8400BAF126 /* OrderListView.swift in Sources */ = {isa = PBXBuildFile; fileRef = 9FCFDD72243E3F8400BAF126 /* OrderListView.swift */; };
		9FCFDD77243E40B200BAF126 /* MenuListView.swift in Sources */ = {isa = PBXBuildFile; fileRef = 9FCFDD76243E40B200BAF126 /* MenuListView.swift */; };
		9FCFDD79243E40EB00BAF126 /* ContentHeaderView.swift in Sources */ = {isa = PBXBuildFile; fileRef = 9FCFDD78243E40EB00BAF126 /* ContentHeaderView.swift */; };
		9FCFDD7B243E41CE00BAF126 /* OrderRowView.swift in Sources */ = {isa = PBXBuildFile; fileRef = 9FCFDD7A243E41CE00BAF126 /* OrderRowView.swift */; };
		9FCFDD7D243E422300BAF126 /* MenuRowView.swift in Sources */ = {isa = PBXBuildFile; fileRef = 9FCFDD7C243E422300BAF126 /* MenuRowView.swift */; };
		9FCFDD7F243E425F00BAF126 /* RatingView.swift in Sources */ = {isa = PBXBuildFile; fileRef = 9FCFDD7E243E425F00BAF126 /* RatingView.swift */; };
		9FCFDD81243E432900BAF126 /* PageTitleView.swift in Sources */ = {isa = PBXBuildFile; fileRef = 9FCFDD80243E432900BAF126 /* PageTitleView.swift */; };
/* End PBXBuildFile section */

/* Begin PBXFileReference section */
		9FCFDD57243DF88D00BAF126 /* SwiftUIDemo.app */ = {isa = PBXFileReference; explicitFileType = wrapper.application; includeInIndex = 0; path = SwiftUIDemo.app; sourceTree = BUILT_PRODUCTS_DIR; };
		9FCFDD5A243DF88D00BAF126 /* AppDelegate.swift */ = {isa = PBXFileReference; lastKnownFileType = sourcecode.swift; path = AppDelegate.swift; sourceTree = "<group>"; };
		9FCFDD5C243DF88D00BAF126 /* SceneDelegate.swift */ = {isa = PBXFileReference; lastKnownFileType = sourcecode.swift; path = SceneDelegate.swift; sourceTree = "<group>"; };
		9FCFDD5E243DF88D00BAF126 /* ContentView.swift */ = {isa = PBXFileReference; lastKnownFileType = sourcecode.swift; path = ContentView.swift; sourceTree = "<group>"; };
		9FCFDD60243DF8A000BAF126 /* Assets.xcassets */ = {isa = PBXFileReference; lastKnownFileType = folder.assetcatalog; path = Assets.xcassets; sourceTree = "<group>"; };
		9FCFDD63243DF8A000BAF126 /* Preview Assets.xcassets */ = {isa = PBXFileReference; lastKnownFileType = folder.assetcatalog; path = "Preview Assets.xcassets"; sourceTree = "<group>"; };
		9FCFDD66243DF8A000BAF126 /* Base */ = {isa = PBXFileReference; lastKnownFileType = file.storyboard; name = Base; path = Base.lproj/LaunchScreen.storyboard; sourceTree = "<group>"; };
		9FCFDD68243DF8A000BAF126 /* Info.plist */ = {isa = PBXFileReference; lastKnownFileType = text.plist.xml; path = Info.plist; sourceTree = "<group>"; };
		9FCFDD72243E3F8400BAF126 /* OrderListView.swift */ = {isa = PBXFileReference; lastKnownFileType = sourcecode.swift; path = OrderListView.swift; sourceTree = "<group>"; };
		9FCFDD76243E40B200BAF126 /* MenuListView.swift */ = {isa = PBXFileReference; lastKnownFileType = sourcecode.swift; path = MenuListView.swift; sourceTree = "<group>"; };
		9FCFDD78243E40EB00BAF126 /* ContentHeaderView.swift */ = {isa = PBXFileReference; lastKnownFileType = sourcecode.swift; path = ContentHeaderView.swift; sourceTree = "<group>"; };
		9FCFDD7A243E41CE00BAF126 /* OrderRowView.swift */ = {isa = PBXFileReference; lastKnownFileType = sourcecode.swift; path = OrderRowView.swift; sourceTree = "<group>"; };
		9FCFDD7C243E422300BAF126 /* MenuRowView.swift */ = {isa = PBXFileReference; lastKnownFileType = sourcecode.swift; path = MenuRowView.swift; sourceTree = "<group>"; };
		9FCFDD7E243E425F00BAF126 /* RatingView.swift */ = {isa = PBXFileReference; lastKnownFileType = sourcecode.swift; path = RatingView.swift; sourceTree = "<group>"; };
		9FCFDD80243E432900BAF126 /* PageTitleView.swift */ = {isa = PBXFileReference; lastKnownFileType = sourcecode.swift; path = PageTitleView.swift; sourceTree = "<group>"; };
/* End PBXFileReference section */

/* Begin PBXFrameworksBuildPhase section */
		9FCFDD54243DF88D00BAF126 /* Frameworks */ = {
			isa = PBXFrameworksBuildPhase;
			buildActionMask = 2147483647;
			files = (
			);
			runOnlyForDeploymentPostprocessing = 0;
		};
/* End PBXFrameworksBuildPhase section */

/* Begin PBXGroup section */
		9FCFDD4E243DF88D00BAF126 = {
			isa = PBXGroup;
			children = (
				9FCFDD59243DF88D00BAF126 /* SwiftUIDemo */,
				9FCFDD58243DF88D00BAF126 /* Products */,
			);
			sourceTree = "<group>";
		};
		9FCFDD58243DF88D00BAF126 /* Products */ = {
			isa = PBXGroup;
			children = (
				9FCFDD57243DF88D00BAF126 /* SwiftUIDemo.app */,
			);
			name = Products;
			sourceTree = "<group>";
		};
		9FCFDD59243DF88D00BAF126 /* SwiftUIDemo */ = {
			isa = PBXGroup;
			children = (
				9FCFDD5E243DF88D00BAF126 /* ContentView.swift */,
				9FCFDD78243E40EB00BAF126 /* ContentHeaderView.swift */,
				9FCFDD80243E432900BAF126 /* PageTitleView.swift */,
				9FCFDD71243E3F3D00BAF126 /* OrderView */,
				9FCFDD70243E3F2E00BAF126 /* MenuView */,
				9FCFDD6F243E3F2300BAF126 /* Model */,
				9FCFDD6E243E3F0E00BAF126 /* HistoryView */,
				9FCFDD5A243DF88D00BAF126 /* AppDelegate.swift */,
				9FCFDD5C243DF88D00BAF126 /* SceneDelegate.swift */,
				9FCFDD60243DF8A000BAF126 /* Assets.xcassets */,
				9FCFDD65243DF8A000BAF126 /* LaunchScreen.storyboard */,
				9FCFDD68243DF8A000BAF126 /* Info.plist */,
				9FCFDD62243DF8A000BAF126 /* Preview Content */,
			);
			path = SwiftUIDemo;
			sourceTree = "<group>";
		};
		9FCFDD62243DF8A000BAF126 /* Preview Content */ = {
			isa = PBXGroup;
			children = (
				9FCFDD63243DF8A000BAF126 /* Preview Assets.xcassets */,
			);
			path = "Preview Content";
			sourceTree = "<group>";
		};
		9FCFDD6E243E3F0E00BAF126 /* HistoryView */ = {
			isa = PBXGroup;
			children = (
			);
			path = HistoryView;
			sourceTree = "<group>";
		};
		9FCFDD6F243E3F2300BAF126 /* Model */ = {
			isa = PBXGroup;
			children = (
			);
			path = Model;
			sourceTree = "<group>";
		};
		9FCFDD70243E3F2E00BAF126 /* MenuView */ = {
			isa = PBXGroup;
			children = (
				9FCFDD76243E40B200BAF126 /* MenuListView.swift */,
				9FCFDD7C243E422300BAF126 /* MenuRowView.swift */,
				9FCFDD7E243E425F00BAF126 /* RatingView.swift */,
			);
			path = MenuView;
			sourceTree = "<group>";
		};
		9FCFDD71243E3F3D00BAF126 /* OrderView */ = {
			isa = PBXGroup;
			children = (
				9FCFDD72243E3F8400BAF126 /* OrderListView.swift */,
				9FCFDD7A243E41CE00BAF126 /* OrderRowView.swift */,
			);
			path = OrderView;
			sourceTree = "<group>";
		};
/* End PBXGroup section */

/* Begin PBXNativeTarget section */
		9FCFDD56243DF88D00BAF126 /* SwiftUIDemo */ = {
			isa = PBXNativeTarget;
			buildConfigurationList = 9FCFDD6B243DF8A000BAF126 /* Build configuration list for PBXNativeTarget "SwiftUIDemo" */;
			buildPhases = (
				9FCFDD53243DF88D00BAF126 /* Sources */,
				9FCFDD54243DF88D00BAF126 /* Frameworks */,
				9FCFDD55243DF88D00BAF126 /* Resources */,
			);
			buildRules = (
			);
			dependencies = (
			);
			name = SwiftUIDemo;
			productName = SwiftUIDemo;
			productReference = 9FCFDD57243DF88D00BAF126 /* SwiftUIDemo.app */;
			productType = "com.apple.product-type.application";
		};
/* End PBXNativeTarget section */

/* Begin PBXProject section */
		9FCFDD4F243DF88D00BAF126 /* Project object */ = {
			isa = PBXProject;
			attributes = {
				LastSwiftUpdateCheck = 1140;
				LastUpgradeCheck = 1140;
				ORGANIZATIONNAME = Hasan;
				TargetAttributes = {
					9FCFDD56243DF88D00BAF126 = {
						CreatedOnToolsVersion = 11.4;
					};
				};
			};
			buildConfigurationList = 9FCFDD52243DF88D00BAF126 /* Build configuration list for PBXProject "SwiftUIDemo" */;
			compatibilityVersion = "Xcode 9.3";
			developmentRegion = en;
			hasScannedForEncodings = 0;
			knownRegions = (
				en,
				Base,
			);
			mainGroup = 9FCFDD4E243DF88D00BAF126;
			productRefGroup = 9FCFDD58243DF88D00BAF126 /* Products */;
			projectDirPath = "";
			projectRoot = "";
			targets = (
				9FCFDD56243DF88D00BAF126 /* SwiftUIDemo */,
			);
		};
/* End PBXProject section */

/* Begin PBXResourcesBuildPhase section */
		9FCFDD55243DF88D00BAF126 /* Resources */ = {
			isa = PBXResourcesBuildPhase;
			buildActionMask = 2147483647;
			files = (
				9FCFDD67243DF8A000BAF126 /* LaunchScreen.storyboard in Resources */,
				9FCFDD64243DF8A000BAF126 /* Preview Assets.xcassets in Resources */,
				9FCFDD61243DF8A000BAF126 /* Assets.xcassets in Resources */,
			);
			runOnlyForDeploymentPostprocessing = 0;
		};
/* End PBXResourcesBuildPhase section */

/* Begin PBXSourcesBuildPhase section */
		9FCFDD53243DF88D00BAF126 /* Sources */ = {
			isa = PBXSourcesBuildPhase;
			buildActionMask = 2147483647;
			files = (
				9FCFDD5B243DF88D00BAF126 /* AppDelegate.swift in Sources */,
				9FCFDD77243E40B200BAF126 /* MenuListView.swift in Sources */,
				9FCFDD81243E432900BAF126 /* PageTitleView.swift in Sources */,
				9FCFDD73243E3F8400BAF126 /* OrderListView.swift in Sources */,
				9FCFDD7F243E425F00BAF126 /* RatingView.swift in Sources */,
				9FCFDD79243E40EB00BAF126 /* ContentHeaderView.swift in Sources */,
				9FCFDD7D243E422300BAF126 /* MenuRowView.swift in Sources */,
				9FCFDD5D243DF88D00BAF126 /* SceneDelegate.swift in Sources */,
				9FCFDD7B243E41CE00BAF126 /* OrderRowView.swift in Sources */,
				9FCFDD5F243DF88D00BAF126 /* ContentView.swift in Sources */,
			);
			runOnlyForDeploymentPostprocessing = 0;
		};
/* End PBXSourcesBuildPhase section */

/* Begin PBXVariantGroup section */
		9FCFDD65243DF8A000BAF126 /* LaunchScreen.storyboard */ = {
			isa = PBXVariantGroup;
			children = (
				9FCFDD66243DF8A000BAF126 /* Base */,
			);
			name = LaunchScreen.storyboard;
			sourceTree = "<group>";
		};
/* End PBXVariantGroup section */

/* Begin XCBuildConfiguration section */
		9FCFDD69243DF8A000BAF126 /* Debug */ = {
			isa = XCBuildConfiguration;
			buildSettings = {
				ALWAYS_SEARCH_USER_PATHS = NO;
				CLANG_ANALYZER_NONNULL = YES;
				CLANG_ANALYZER_NUMBER_OBJECT_CONVERSION = YES_AGGRESSIVE;
				CLANG_CXX_LANGUAGE_STANDARD = "gnu++14";
				CLANG_CXX_LIBRARY = "libc++";
				CLANG_ENABLE_MODULES = YES;
				CLANG_ENABLE_OBJC_ARC = YES;
				CLANG_ENABLE_OBJC_WEAK = YES;
				CLANG_WARN_BLOCK_CAPTURE_AUTORELEASING = YES;
				CLANG_WARN_BOOL_CONVERSION = YES;
				CLANG_WARN_COMMA = YES;
				CLANG_WARN_CONSTANT_CONVERSION = YES;
				CLANG_WARN_DEPRECATED_OBJC_IMPLEMENTATIONS = YES;
				CLANG_WARN_DIRECT_OBJC_ISA_USAGE = YES_ERROR;
				CLANG_WARN_DOCUMENTATION_COMMENTS = YES;
				CLANG_WARN_EMPTY_BODY = YES;
				CLANG_WARN_ENUM_CONVERSION = YES;
				CLANG_WARN_INFINITE_RECURSION = YES;
				CLANG_WARN_INT_CONVERSION = YES;
				CLANG_WARN_NON_LITERAL_NULL_CONVERSION = YES;
				CLANG_WARN_OBJC_IMPLICIT_RETAIN_SELF = YES;
				CLANG_WARN_OBJC_LITERAL_CONVERSION = YES;
				CLANG_WARN_OBJC_ROOT_CLASS = YES_ERROR;
				CLANG_WARN_RANGE_LOOP_ANALYSIS = YES;
				CLANG_WARN_STRICT_PROTOTYPES = YES;
				CLANG_WARN_SUSPICIOUS_MOVE = YES;
				CLANG_WARN_UNGUARDED_AVAILABILITY = YES_AGGRESSIVE;
				CLANG_WARN_UNREACHABLE_CODE = YES;
				CLANG_WARN__DUPLICATE_METHOD_MATCH = YES;
				COPY_PHASE_STRIP = NO;
				DEBUG_INFORMATION_FORMAT = dwarf;
				ENABLE_STRICT_OBJC_MSGSEND = YES;
				ENABLE_TESTABILITY = YES;
				GCC_C_LANGUAGE_STANDARD = gnu11;
				GCC_DYNAMIC_NO_PIC = NO;
				GCC_NO_COMMON_BLOCKS = YES;
				GCC_OPTIMIZATION_LEVEL = 0;
				GCC_PREPROCESSOR_DEFINITIONS = (
					"DEBUG=1",
					"$(inherited)",
				);
				GCC_WARN_64_TO_32_BIT_CONVERSION = YES;
				GCC_WARN_ABOUT_RETURN_TYPE = YES_ERROR;
				GCC_WARN_UNDECLARED_SELECTOR = YES;
				GCC_WARN_UNINITIALIZED_AUTOS = YES_AGGRESSIVE;
				GCC_WARN_UNUSED_FUNCTION = YES;
				GCC_WARN_UNUSED_VARIABLE = YES;
				IPHONEOS_DEPLOYMENT_TARGET = 13.4;
				MTL_ENABLE_DEBUG_INFO = INCLUDE_SOURCE;
				MTL_FAST_MATH = YES;
				ONLY_ACTIVE_ARCH = YES;
				SDKROOT = iphoneos;
				SWIFT_ACTIVE_COMPILATION_CONDITIONS = DEBUG;
				SWIFT_OPTIMIZATION_LEVEL = "-Onone";
			};
			name = Debug;
		};
		9FCFDD6A243DF8A000BAF126 /* Release */ = {
			isa = XCBuildConfiguration;
			buildSettings = {
				ALWAYS_SEARCH_USER_PATHS = NO;
				CLANG_ANALYZER_NONNULL = YES;
				CLANG_ANALYZER_NUMBER_OBJECT_CONVERSION = YES_AGGRESSIVE;
				CLANG_CXX_LANGUAGE_STANDARD = "gnu++14";
				CLANG_CXX_LIBRARY = "libc++";
				CLANG_ENABLE_MODULES = YES;
				CLANG_ENABLE_OBJC_ARC = YES;
				CLANG_ENABLE_OBJC_WEAK = YES;
				CLANG_WARN_BLOCK_CAPTURE_AUTORELEASING = YES;
				CLANG_WARN_BOOL_CONVERSION = YES;
				CLANG_WARN_COMMA = YES;
				CLANG_WARN_CONSTANT_CONVERSION = YES;
				CLANG_WARN_DEPRECATED_OBJC_IMPLEMENTATIONS = YES;
				CLANG_WARN_DIRECT_OBJC_ISA_USAGE = YES_ERROR;
				CLANG_WARN_DOCUMENTATION_COMMENTS = YES;
				CLANG_WARN_EMPTY_BODY = YES;
				CLANG_WARN_ENUM_CONVERSION = YES;
				CLANG_WARN_INFINITE_RECURSION = YES;
				CLANG_WARN_INT_CONVERSION = YES;
				CLANG_WARN_NON_LITERAL_NULL_CONVERSION = YES;
				CLANG_WARN_OBJC_IMPLICIT_RETAIN_SELF = YES;
				CLANG_WARN_OBJC_LITERAL_CONVERSION = YES;
				CLANG_WARN_OBJC_ROOT_CLASS = YES_ERROR;
				CLANG_WARN_RANGE_LOOP_ANALYSIS = YES;
				CLANG_WARN_STRICT_PROTOTYPES = YES;
				CLANG_WARN_SUSPICIOUS_MOVE = YES;
				CLANG_WARN_UNGUARDED_AVAILABILITY = YES_AGGRESSIVE;
				CLANG_WARN_UNREACHABLE_CODE = YES;
				CLANG_WARN__DUPLICATE_METHOD_MATCH = YES;
				COPY_PHASE_STRIP = NO;
				DEBUG_INFORMATION_FORMAT = "dwarf-with-dsym";
				ENABLE_NS_ASSERTIONS = NO;
				ENABLE_STRICT_OBJC_MSGSEND = YES;
				GCC_C_LANGUAGE_STANDARD = gnu11;
				GCC_NO_COMMON_BLOCKS = YES;
				GCC_WARN_64_TO_32_BIT_CONVERSION = YES;
				GCC_WARN_ABOUT_RETURN_TYPE = YES_ERROR;
				GCC_WARN_UNDECLARED_SELECTOR = YES;
				GCC_WARN_UNINITIALIZED_AUTOS = YES_AGGRESSIVE;
				GCC_WARN_UNUSED_FUNCTION = YES;
				GCC_WARN_UNUSED_VARIABLE = YES;
				IPHONEOS_DEPLOYMENT_TARGET = 13.4;
				MTL_ENABLE_DEBUG_INFO = NO;
				MTL_FAST_MATH = YES;
				SDKROOT = iphoneos;
				SWIFT_COMPILATION_MODE = wholemodule;
				SWIFT_OPTIMIZATION_LEVEL = "-O";
				VALIDATE_PRODUCT = YES;
			};
			name = Release;
		};
		9FCFDD6C243DF8A000BAF126 /* Debug */ = {
			isa = XCBuildConfiguration;
			buildSettings = {
				ASSETCATALOG_COMPILER_APPICON_NAME = AppIcon;
				CODE_SIGN_STYLE = Automatic;
				DEVELOPMENT_ASSET_PATHS = "\"SwiftUIDemo/Preview Content\"";
				DEVELOPMENT_TEAM = 42BV567L27;
				ENABLE_PREVIEWS = YES;
				INFOPLIST_FILE = SwiftUIDemo/Info.plist;
				LD_RUNPATH_SEARCH_PATHS = (
					"$(inherited)",
					"@executable_path/Frameworks",
				);
				PRODUCT_BUNDLE_IDENTIFIER = com.hasan.SwiftUIDemo;
				PRODUCT_NAME = "$(TARGET_NAME)";
				SWIFT_VERSION = 5.0;
				TARGETED_DEVICE_FAMILY = "1,2";
			};
			name = Debug;
		};
		9FCFDD6D243DF8A000BAF126 /* Release */ = {
			isa = XCBuildConfiguration;
			buildSettings = {
				ASSETCATALOG_COMPILER_APPICON_NAME = AppIcon;
				CODE_SIGN_STYLE = Automatic;
				DEVELOPMENT_ASSET_PATHS = "\"SwiftUIDemo/Preview Content\"";
				DEVELOPMENT_TEAM = 42BV567L27;
				ENABLE_PREVIEWS = YES;
				INFOPLIST_FILE = SwiftUIDemo/Info.plist;
				LD_RUNPATH_SEARCH_PATHS = (
					"$(inherited)",
					"@executable_path/Frameworks",
				);
				PRODUCT_BUNDLE_IDENTIFIER = com.hasan.SwiftUIDemo;
				PRODUCT_NAME = "$(TARGET_NAME)";
				SWIFT_VERSION = 5.0;
				TARGETED_DEVICE_FAMILY = "1,2";
			};
			name = Release;
		};
/* End XCBuildConfiguration section */

/* Begin XCConfigurationList section */
		9FCFDD52243DF88D00BAF126 /* Build configuration list for PBXProject "SwiftUIDemo" */ = {
			isa = XCConfigurationList;
			buildConfigurations = (
				9FCFDD69243DF8A000BAF126 /* Debug */,
				9FCFDD6A243DF8A000BAF126 /* Release */,
			);
			defaultConfigurationIsVisible = 0;
			defaultConfigurationName = Release;
		};
		9FCFDD6B243DF8A000BAF126 /* Build configuration list for PBXNativeTarget "SwiftUIDemo" */ = {
			isa = XCConfigurationList;
			buildConfigurations = (
				9FCFDD6C243DF8A000BAF126 /* Debug */,
				9FCFDD6D243DF8A000BAF126 /* Release */,
			);
			defaultConfigurationIsVisible = 0;
			defaultConfigurationName = Release;
		};
/* End XCConfigurationList section */
	};
	rootObject = 9FCFDD4F243DF88D00BAF126 /* Project object */;
}
